
Microsoft Visual Studio Solution File, Format Version 12.00
# Visual Studio Version 17
VisualStudioVersion = 17.0.31903.59
MinimumVisualStudioVersion = 10.0.40219.1
Project("{2150E333-8FDC-42A3-9474-1A3956D46DE8}") = "src", "src", "{827E0CD3-B72D-47B6-A68D-7590B98EB39B}"
EndProject
Project("{FAE04EC0-301F-11D3-BF4B-00C04F79EFBC}") = "Domain", "src\Domain\Domain.csproj", "{BED088E2-C159-4636-B5D0-2B978AFB41D3}"
EndProject
Project("{FAE04EC0-301F-11D3-BF4B-00C04F79EFBC}") = "Application", "src\Application\Application.csproj", "{2759E1BC-F380-4D77-8C1A-9014BAD5CD83}"
EndProject
Project("{FAE04EC0-301F-11D3-BF4B-00C04F79EFBC}") = "Infrastructure", "src\Infrastructure\Infrastructure.csproj", "{B104061D-A0EA-4072-AAFE-CF2707768430}"
EndProject
Project("{FAE04EC0-301F-11D3-BF4B-00C04F79EFBC}") = "Web", "src\Web\Web.csproj", "{4A03FBBC-53D4-45DB-A84C-D9F7DE1F862A}"
EndProject
Project("{2150E333-8FDC-42A3-9474-1A3956D46DE8}") = "tests", "tests", "{0AB3BF05-4346-4AA6-1389-037BE0695223}"
EndProject
Project("{FAE04EC0-301F-11D3-BF4B-00C04F79EFBC}") = "Domain.Tests", "tests\Domain.Tests\Domain.Tests.csproj", "{A569F4F9-FA0D-4961-B9A7-C521053C5909}"
EndProject
Project("{FAE04EC0-301F-11D3-BF4B-00C04F79EFBC}") = "Application.Tests", "tests\Application.Tests\Application.Tests.csproj", "{5BAAE54C-4BD3-421C-BD21-5336736780F5}"
EndProject
Project("{FAE04EC0-301F-11D3-BF4B-00C04F79EFBC}") = "Infrastructure.Tests", "tests\Infrastructure.Tests\Infrastructure.Tests.csproj", "{61DADBDB-3F14-42A8-81BA-598B99B129BF}"
EndProject
Global
	GlobalSection(SolutionConfigurationPlatforms) = preSolution
		Debug|Any CPU = Debug|Any CPU
		Debug|x64 = Debug|x64
		Debug|x86 = Debug|x86
		Release|Any CPU = Release|Any CPU
		Release|x64 = Release|x64
		Release|x86 = Release|x86
	EndGlobalSection
	GlobalSection(ProjectConfigurationPlatforms) = postSolution
		{BED088E2-C159-4636-B5D0-2B978AFB41D3}.Debug|Any CPU.ActiveCfg = Debug|Any CPU
		{BED088E2-C159-4636-B5D0-2B978AFB41D3}.Debug|Any CPU.Build.0 = Debug|Any CPU
		{BED088E2-C159-4636-B5D0-2B978AFB41D3}.Debug|x64.ActiveCfg = Debug|Any CPU
		{BED088E2-C159-4636-B5D0-2B978AFB41D3}.Debug|x64.Build.0 = Debug|Any CPU
		{BED088E2-C159-4636-B5D0-2B978AFB41D3}.Debug|x86.ActiveCfg = Debug|Any CPU
		{BED088E2-C159-4636-B5D0-2B978AFB41D3}.Debug|x86.Build.0 = Debug|Any CPU
		{BED088E2-C159-4636-B5D0-2B978AFB41D3}.Release|Any CPU.ActiveCfg = Release|Any CPU
		{BED088E2-C159-4636-B5D0-2B978AFB41D3}.Release|Any CPU.Build.0 = Release|Any CPU
		{BED088E2-C159-4636-B5D0-2B978AFB41D3}.Release|x64.ActiveCfg = Release|Any CPU
		{BED088E2-C159-4636-B5D0-2B978AFB41D3}.Release|x64.Build.0 = Release|Any CPU
		{BED088E2-C159-4636-B5D0-2B978AFB41D3}.Release|x86.ActiveCfg = Release|Any CPU
		{BED088E2-C159-4636-B5D0-2B978AFB41D3}.Release|x86.Build.0 = Release|Any CPU
		{2759E1BC-F380-4D77-8C1A-9014BAD5CD83}.Debug|Any CPU.ActiveCfg = Debug|Any CPU
		{2759E1BC-F380-4D77-8C1A-9014BAD5CD83}.Debug|Any CPU.Build.0 = Debug|Any CPU
		{2759E1BC-F380-4D77-8C1A-9014BAD5CD83}.Debug|x64.ActiveCfg = Debug|Any CPU
		{2759E1BC-F380-4D77-8C1A-9014BAD5CD83}.Debug|x64.Build.0 = Debug|Any CPU
		{2759E1BC-F380-4D77-8C1A-9014BAD5CD83}.Debug|x86.ActiveCfg = Debug|Any CPU
		{2759E1BC-F380-4D77-8C1A-9014BAD5CD83}.Debug|x86.Build.0 = Debug|Any CPU
		{2759E1BC-F380-4D77-8C1A-9014BAD5CD83}.Release|Any CPU.ActiveCfg = Release|Any CPU
		{2759E1BC-F380-4D77-8C1A-9014BAD5CD83}.Release|Any CPU.Build.0 = Release|Any CPU
		{2759E1BC-F380-4D77-8C1A-9014BAD5CD83}.Release|x64.ActiveCfg = Release|Any CPU
		{2759E1BC-F380-4D77-8C1A-9014BAD5CD83}.Release|x64.Build.0 = Release|Any CPU
		{2759E1BC-F380-4D77-8C1A-9014BAD5CD83}.Release|x86.ActiveCfg = Release|Any CPU
		{2759E1BC-F380-4D77-8C1A-9014BAD5CD83}.Release|x86.Build.0 = Release|Any CPU
		{B104061D-A0EA-4072-AAFE-CF2707768430}.Debug|Any CPU.ActiveCfg = Debug|Any CPU
		{B104061D-A0EA-4072-AAFE-CF2707768430}.Debug|Any CPU.Build.0 = Debug|Any CPU
		{B104061D-A0EA-4072-AAFE-CF2707768430}.Debug|x64.ActiveCfg = Debug|Any CPU
		{B104061D-A0EA-4072-AAFE-CF2707768430}.Debug|x64.Build.0 = Debug|Any CPU
		{B104061D-A0EA-4072-AAFE-CF2707768430}.Debug|x86.ActiveCfg = Debug|Any CPU
		{B104061D-A0EA-4072-AAFE-CF2707768430}.Debug|x86.Build.0 = Debug|Any CPU
		{B104061D-A0EA-4072-AAFE-CF2707768430}.Release|Any CPU.ActiveCfg = Release|Any CPU
		{B104061D-A0EA-4072-AAFE-CF2707768430}.Release|Any CPU.Build.0 = Release|Any CPU
		{B104061D-A0EA-4072-AAFE-CF2707768430}.Release|x64.ActiveCfg = Release|Any CPU
		{B104061D-A0EA-4072-AAFE-CF2707768430}.Release|x64.Build.0 = Release|Any CPU
		{B104061D-A0EA-4072-AAFE-CF2707768430}.Release|x86.ActiveCfg = Release|Any CPU
		{B104061D-A0EA-4072-AAFE-CF2707768430}.Release|x86.Build.0 = Release|Any CPU
		{4A03FBBC-53D4-45DB-A84C-D9F7DE1F862A}.Debug|Any CPU.ActiveCfg = Debug|Any CPU
		{4A03FBBC-53D4-45DB-A84C-D9F7DE1F862A}.Debug|Any CPU.Build.0 = Debug|Any CPU
		{4A03FBBC-53D4-45DB-A84C-D9F7DE1F862A}.Debug|x64.ActiveCfg = Debug|Any CPU
		{4A03FBBC-53D4-45DB-A84C-D9F7DE1F862A}.Debug|x64.Build.0 = Debug|Any CPU
		{4A03FBBC-53D4-45DB-A84C-D9F7DE1F862A}.Debug|x86.ActiveCfg = Debug|Any CPU
		{4A03FBBC-53D4-45DB-A84C-D9F7DE1F862A}.Debug|x86.Build.0 = Debug|Any CPU
		{4A03FBBC-53D4-45DB-A84C-D9F7DE1F862A}.Release|Any CPU.ActiveCfg = Release|Any CPU
		{4A03FBBC-53D4-45DB-A84C-D9F7DE1F862A}.Release|Any CPU.Build.0 = Release|Any CPU
		{4A03FBBC-53D4-45DB-A84C-D9F7DE1F862A}.Release|x64.ActiveCfg = Release|Any CPU
		{4A03FBBC-53D4-45DB-A84C-D9F7DE1F862A}.Release|x64.Build.0 = Release|Any CPU
		{4A03FBBC-53D4-45DB-A84C-D9F7DE1F862A}.Release|x86.ActiveCfg = Release|Any CPU
		{4A03FBBC-53D4-45DB-A84C-D9F7DE1F862A}.Release|x86.Build.0 = Release|Any CPU
		{A569F4F9-FA0D-4961-B9A7-C521053C5909}.Debug|Any CPU.ActiveCfg = Debug|Any CPU
		{A569F4F9-FA0D-4961-B9A7-C521053C5909}.Debug|Any CPU.Build.0 = Debug|Any CPU
		{A569F4F9-FA0D-4961-B9A7-C521053C5909}.Debug|x64.ActiveCfg = Debug|Any CPU
		{A569F4F9-FA0D-4961-B9A7-C521053C5909}.Debug|x64.Build.0 = Debug|Any CPU
		{A569F4F9-FA0D-4961-B9A7-C521053C5909}.Debug|x86.ActiveCfg = Debug|Any CPU
		{A569F4F9-FA0D-4961-B9A7-C521053C5909}.Debug|x86.Build.0 = Debug|Any CPU
		{A569F4F9-FA0D-4961-B9A7-C521053C5909}.Release|Any CPU.ActiveCfg = Release|Any CPU
		{A569F4F9-FA0D-4961-B9A7-C521053C5909}.Release|Any CPU.Build.0 = Release|Any CPU
		{A569F4F9-FA0D-4961-B9A7-C521053C5909}.Release|x64.ActiveCfg = Release|Any CPU
		{A569F4F9-FA0D-4961-B9A7-C521053C5909}.Release|x64.Build.0 = Release|Any CPU
		{A569F4F9-FA0D-4961-B9A7-C521053C5909}.Release|x86.ActiveCfg = Release|Any CPU
		{A569F4F9-FA0D-4961-B9A7-C521053C5909}.Release|x86.Build.0 = Release|Any CPU
		{5BAAE54C-4BD3-421C-BD21-5336736780F5}.Debug|Any CPU.ActiveCfg = Debug|Any CPU
		{5BAAE54C-4BD3-421C-BD21-5336736780F5}.Debug|Any CPU.Build.0 = Debug|Any CPU
		{5BAAE54C-4BD3-421C-BD21-5336736780F5}.Debug|x64.ActiveCfg = Debug|Any CPU
		{5BAAE54C-4BD3-421C-BD21-5336736780F5}.Debug|x64.Build.0 = Debug|Any CPU
		{5BAAE54C-4BD3-421C-BD21-5336736780F5}.Debug|x86.ActiveCfg = Debug|Any CPU
		{5BAAE54C-4BD3-421C-BD21-5336736780F5}.Debug|x86.Build.0 = Debug|Any CPU
		{5BAAE54C-4BD3-421C-BD21-5336736780F5}.Release|Any CPU.ActiveCfg = Release|Any CPU
		{5BAAE54C-4BD3-421C-BD21-5336736780F5}.Release|Any CPU.Build.0 = Release|Any CPU
		{5BAAE54C-4BD3-421C-BD21-5336736780F5}.Release|x64.ActiveCfg = Release|Any CPU
		{5BAAE54C-4BD3-421C-BD21-5336736780F5}.Release|x64.Build.0 = Release|Any CPU
		{5BAAE54C-4BD3-421C-BD21-5336736780F5}.Release|x86.ActiveCfg = Release|Any CPU
		{5BAAE54C-4BD3-421C-BD21-5336736780F5}.Release|x86.Build.0 = Release|Any CPU
		{61DADBDB-3F14-42A8-81BA-598B99B129BF}.Debug|Any CPU.ActiveCfg = Debug|Any CPU
		{61DADBDB-3F14-42A8-81BA-598B99B129BF}.Debug|Any CPU.Build.0 = Debug|Any CPU
		{61DADBDB-3F14-42A8-81BA-598B99B129BF}.Debug|x64.ActiveCfg = Debug|Any CPU
		{61DADBDB-3F14-42A8-81BA-598B99B129BF}.Debug|x64.Build.0 = Debug|Any CPU
		{61DADBDB-3F14-42A8-81BA-598B99B129BF}.Debug|x86.ActiveCfg = Debug|Any CPU
		{61DADBDB-3F14-42A8-81BA-598B99B129BF}.Debug|x86.Build.0 = Debug|Any CPU
		{61DADBDB-3F14-42A8-81BA-598B99B129BF}.Release|Any CPU.ActiveCfg = Release|Any CPU
		{61DADBDB-3F14-42A8-81BA-598B99B129BF}.Release|Any CPU.Build.0 = Release|Any CPU
		{61DADBDB-3F14-42A8-81BA-598B99B129BF}.Release|x64.ActiveCfg = Release|Any CPU
		{61DADBDB-3F14-42A8-81BA-598B99B129BF}.Release|x64.Build.0 = Release|Any CPU
		{61DADBDB-3F14-42A8-81BA-598B99B129BF}.Release|x86.ActiveCfg = Release|Any CPU
		{61DADBDB-3F14-42A8-81BA-598B99B129BF}.Release|x86.Build.0 = Release|Any CPU
	EndGlobalSection
	GlobalSection(SolutionProperties) = preSolution
		HideSolutionNode = FALSE
	EndGlobalSection
	GlobalSection(NestedProjects) = preSolution
		{BED088E2-C159-4636-B5D0-2B978AFB41D3} = {827E0CD3-B72D-47B6-A68D-7590B98EB39B}
		{2759E1BC-F380-4D77-8C1A-9014BAD5CD83} = {827E0CD3-B72D-47B6-A68D-7590B98EB39B}
		{B104061D-A0EA-4072-AAFE-CF2707768430} = {827E0CD3-B72D-47B6-A68D-7590B98EB39B}
		{4A03FBBC-53D4-45DB-A84C-D9F7DE1F862A} = {827E0CD3-B72D-47B6-A68D-7590B98EB39B}
		{A569F4F9-FA0D-4961-B9A7-C521053C5909} = {0AB3BF05-4346-4AA6-1389-037BE0695223}
		{5BAAE54C-4BD3-421C-BD21-5336736780F5} = {0AB3BF05-4346-4AA6-1389-037BE0695223}
		{61DADBDB-3F14-42A8-81BA-598B99B129BF} = {0AB3BF05-4346-4AA6-1389-037BE0695223}
	EndGlobalSection
EndGlobal
